
Microsoft Visual Studio Solution File, Format Version 12.00
Project("{FAE04EC0-301F-11D3-BF4B-00C04F79EFBC}") = "GGFast.Infraestructure", "GGFast.Infraestructure\GGFast.Infraestructure.csproj", "{926A7D2B-D879-41F7-8C81-87D74B63A47C}"
EndProject
Project("{FAE04EC0-301F-11D3-BF4B-00C04F79EFBC}") = "GGFast.Domain", "GGFast.Domain\GGFast.Domain.csproj", "{12ECDD7D-9E0F-4CF2-BAA7-FB4923E001E7}"
EndProject
Project("{FAE04EC0-301F-11D3-BF4B-00C04F79EFBC}") = "GGFast.Application", "GGFast.Application\GGFast.Application.csproj", "{FC7C1984-FD19-4C5E-B1CF-87432A27D5B7}"
EndProject
Project("{FAE04EC0-301F-11D3-BF4B-00C04F79EFBC}") = "GGFast.Shared", "GGFast.Shared\GGFast.Shared.csproj", "{DB7D343C-85DF-4452-B673-76C4FB14247B}"
EndProject
Project("{FAE04EC0-301F-11D3-BF4B-00C04F79EFBC}") = "GGFast.Presentation", "GGFast.Presentation\GGFast.Presentation.csproj", "{0CDAED71-9A41-4CB0-8C80-02183DB3B648}"
EndProject
Global
	GlobalSection(SolutionConfigurationPlatforms) = preSolution
		Debug|Any CPU = Debug|Any CPU
		Release|Any CPU = Release|Any CPU
	EndGlobalSection
	GlobalSection(ProjectConfigurationPlatforms) = postSolution
		{926A7D2B-D879-41F7-8C81-87D74B63A47C}.Debug|Any CPU.ActiveCfg = Debug|Any CPU
		{926A7D2B-D879-41F7-8C81-87D74B63A47C}.Debug|Any CPU.Build.0 = Debug|Any CPU
		{926A7D2B-D879-41F7-8C81-87D74B63A47C}.Release|Any CPU.ActiveCfg = Release|Any CPU
		{926A7D2B-D879-41F7-8C81-87D74B63A47C}.Release|Any CPU.Build.0 = Release|Any CPU
		{12ECDD7D-9E0F-4CF2-BAA7-FB4923E001E7}.Debug|Any CPU.ActiveCfg = Debug|Any CPU
		{12ECDD7D-9E0F-4CF2-BAA7-FB4923E001E7}.Debug|Any CPU.Build.0 = Debug|Any CPU
		{12ECDD7D-9E0F-4CF2-BAA7-FB4923E001E7}.Release|Any CPU.ActiveCfg = Release|Any CPU
		{12ECDD7D-9E0F-4CF2-BAA7-FB4923E001E7}.Release|Any CPU.Build.0 = Release|Any CPU
		{FC7C1984-FD19-4C5E-B1CF-87432A27D5B7}.Debug|Any CPU.ActiveCfg = Debug|Any CPU
		{FC7C1984-FD19-4C5E-B1CF-87432A27D5B7}.Debug|Any CPU.Build.0 = Debug|Any CPU
		{FC7C1984-FD19-4C5E-B1CF-87432A27D5B7}.Release|Any CPU.ActiveCfg = Release|Any CPU
		{FC7C1984-FD19-4C5E-B1CF-87432A27D5B7}.Release|Any CPU.Build.0 = Release|Any CPU
		{DB7D343C-85DF-4452-B673-76C4FB14247B}.Debug|Any CPU.ActiveCfg = Debug|Any CPU
		{DB7D343C-85DF-4452-B673-76C4FB14247B}.Debug|Any CPU.Build.0 = Debug|Any CPU
		{DB7D343C-85DF-4452-B673-76C4FB14247B}.Release|Any CPU.ActiveCfg = Release|Any CPU
		{DB7D343C-85DF-4452-B673-76C4FB14247B}.Release|Any CPU.Build.0 = Release|Any CPU
		{0CDAED71-9A41-4CB0-8C80-02183DB3B648}.Debug|Any CPU.ActiveCfg = Debug|Any CPU
		{0CDAED71-9A41-4CB0-8C80-02183DB3B648}.Debug|Any CPU.Build.0 = Debug|Any CPU
		{0CDAED71-9A41-4CB0-8C80-02183DB3B648}.Release|Any CPU.ActiveCfg = Release|Any CPU
		{0CDAED71-9A41-4CB0-8C80-02183DB3B648}.Release|Any CPU.Build.0 = Release|Any CPU
	EndGlobalSection
EndGlobal
